dependencies:
- name: external-dns
  repository: https://kubernetes-sigs.github.io/external-dns/
  version: 1.23.0
- name: external-dns
  repository: https://kubernetes-sigs.github.io/external-dns/
  version: 1.23.0
digest: sha256:0daac7aed95a0f0df09ec0f79109f80e82c77993cfc4babfa6379d8918f5ebcf
generated: "2026-10-01T00:03:24.74119769Z"
