dependencies:
- name: external-dns
  repository: https://kubernetes-sigs.github.io/external-dns/
  version: 1.21.1
- name: external-dns
  repository: https://kubernetes-sigs.github.io/external-dns/
  version: 1.21.1
digest: sha256:87cc32526cf1abe667a0e5a51d90f6fee859237951fa5ccca23a037e05ca30ef
generated: "2026-08-24T18:03:22.339483745Z"
