dependencies:
- name: agentgateway-crds
  repository: oci://ghcr.io/kgateway-dev/charts
  version: v2.2.1
- name: agentgateway
  repository: oci://ghcr.io/kgateway-dev/charts
  version: v2.2.1
digest: sha256:d8df9a72e63a7567f55da3c212f94898c02b36fedd237a15ddea6bf64056ec45
generated: "2026-02-21T08:47:50.52759Z"
